# This file is generated by running "yarn install" inside your project.
# Manual changes might be lost - proceed with caution!

__metadata:
  version: 8
  cacheKey: 10c0

"@discordjs/builders@npm:^0.16.0":
  version: 0.16.0
  resolution: "@discordjs/builders@npm:0.16.0"
  dependencies:
    "@sapphire/shapeshift": "npm:^3.5.1"
    discord-api-types: "npm:^0.36.2"
    fast-deep-equal: "npm:^3.1.3"
    ts-mixer: "npm:^6.0.1"
    tslib: "npm:^2.4.0"
  checksum: 10c0/7e916c672498a59e3a5337bcbd8736ab608b941c964e9a962f8c23fbaf6012a818c844065fe4e3615e779c965498e93e37d6f11d90b50fdd97ce896c9c5f805a
  languageName: node
  linkType: hard

"@discordjs/builders@npm:^0.9.0":
  version: 0.9.0
  resolution: "@discordjs/builders@npm:0.9.0"
  dependencies:
    "@sindresorhus/is": "npm:^4.2.0"
    discord-api-types: "npm:^0.24.0"
    ts-mixer: "npm:^6.0.0"
    tslib: "npm:^2.3.1"
    zod: "npm:^3.11.6"
  checksum: 10c0/c73137d9751127ceb64f1fde07c8a8bbff91238c5a9fe36c9199286e5aa20d339ae785359b873b030ad19538b9c3aebad9904f8300ea0cc0bd32e2dbc514dbc6
  languageName: node
  linkType: hard

"@discordjs/collection@npm:^0.1.6":
  version: 0.1.6
  resolution: "@discordjs/collection@npm:0.1.6"
  checksum: 10c0/95987a564e2a304ec53126583edcfe20a6982e1059c110ee498b1957acc410cca96419133f484583a9635fd69ec76c2fafb12441886a26c370560e3e792475f3
  languageName: node
  linkType: hard

"@discordjs/collection@npm:^0.7.0":
  version: 0.7.0
  resolution: "@discordjs/collection@npm:0.7.0"
  checksum: 10c0/385d6e7270ac6921fa343686cdb61576d61e06084b28e3392e912bcf41fd084d69b5a0eaea95e841434d4e1e808d81d45154772b36af5bbab65d49e1d35453e0
  languageName: node
  linkType: hard

"@discordjs/rest@npm:^0.1.0-canary.0":
  version: 0.1.0-canary.0
  resolution: "@discordjs/rest@npm:0.1.0-canary.0"
  dependencies:
    "@discordjs/collection": "npm:^0.1.6"
    "@sapphire/async-queue": "npm:^1.1.4"
    "@sapphire/snowflake": "npm:^1.3.5"
    abort-controller: "npm:^3.0.0"
    discord-api-types: "npm:^0.18.1"
    form-data: "npm:^4.0.0"
    node-fetch: "npm:^2.6.1"
    tslib: "npm:^2.3.0"
  checksum: 10c0/d65caff800f67812b4117ef8659a68d98c21d1dac09aa571054f9fcd0649b353abc0fccd0995e5bd434b9c99d81390956e507a6febc036e7413c8c2e06c8067a
  languageName: node
  linkType: hard

"@mistralai/mistralai@npm:^1.5.0":
  version: 1.5.0
  resolution: "@mistralai/mistralai@npm:1.5.0"
  dependencies:
    zod-to-json-schema: "npm:^3.24.1"
  peerDependencies:
    zod: ">= 3"
  checksum: 10c0/8feba24876309795000cc89fc80cc6fa05c6db8043ab9c4aded5f34ec346055f24a9c05ab3fed1c0625f7763d6b58dae18f8002168e3f024e2275de9933f3b91
  languageName: node
  linkType: hard

"@sapphire/async-queue@npm:^1.1.4, @sapphire/async-queue@npm:^1.5.0":
  version: 1.5.2
  resolution: "@sapphire/async-queue@npm:1.5.2"
  checksum: 10c0/e588a70efe7993a85e3e81103f3f9c3c2c12dd6f3ab2a0f0b763fa412a99780db7a9e1560f188c77945e5e561a40be53120f49b5d83dfa88dd2cf02955e46647
  languageName: node
  linkType: hard

"@sapphire/shapeshift@npm:^3.5.1":
  version: 3.9.6
  resolution: "@sapphire/shapeshift@npm:3.9.6"
  dependencies:
    fast-deep-equal: "npm:^3.1.3"
    lodash: "npm:^4.17.21"
  checksum: 10c0/d0650eea520c63c0c5d803fada4f393cd7947daa4b528bbb95d15d8808ca7736fdd8791246d561f7c6e9f1a885e849fbbf665afda93796ad1ffcd7fe92a1cc5f
  languageName: node
  linkType: hard

"@sapphire/snowflake@npm:^1.3.5":
  version: 1.3.6
  resolution: "@sapphire/snowflake@npm:1.3.6"
  checksum: 10c0/48cf0094550b07090f1665b8ec6a8d0247b7dbc4e4c74cfaf4d1b034bab4c9ff7e7bf3a7cede9f138c4c66eb59f61a7a4825e24cdb4b73cee5243f8184bb04d0
  languageName: node
  linkType: hard

"@sindresorhus/is@npm:^4.2.0":
  version: 4.6.0
  resolution: "@sindresorhus/is@npm:4.6.0"
  checksum: 10c0/33b6fb1d0834ec8dd7689ddc0e2781c2bfd8b9c4e4bacbcb14111e0ae00621f2c264b8a7d36541799d74888b5dccdf422a891a5cb5a709ace26325eedc81e22e
  languageName: node
  linkType: hard

"@types/node-fetch@npm:^2.6.3, @types/node-fetch@npm:^2.6.4":
  version: 2.6.11
  resolution: "@types/node-fetch@npm:2.6.11"
  dependencies:
    "@types/node": "npm:*"
    form-data: "npm:^4.0.0"
  checksum: 10c0/5283d4e0bcc37a5b6d8e629aee880a4ffcfb33e089f4b903b2981b19c623972d1e64af7c3f9540ab990f0f5c89b9b5dda19c5bcb37a8e177079e93683bfd2f49
  languageName: node
  linkType: hard

"@types/node@npm:*":
  version: 20.11.16
  resolution: "@types/node@npm:20.11.16"
  dependencies:
    undici-types: "npm:~5.26.4"
  checksum: 10c0/4886b90278e9c877a84efd3edd4667cd990e032d77268d2a798b99ebc1901ea336fa7dfbe9eaf4ad6ad1da9ce2ec31baf300038a3905838692362eb19904ebde
  languageName: node
  linkType: hard

"@types/node@npm:^18.11.18":
  version: 18.19.14
  resolution: "@types/node@npm:18.19.14"
  dependencies:
    undici-types: "npm:~5.26.4"
  checksum: 10c0/a614e85d3d75e9bb73c1155f77843804506806629d20774e0479e88678efd64ab57f7bb2ba290b226fe732b6aead037ac181db04851a2f37e1c2a14744ffdb96
  languageName: node
  linkType: hard

"@types/ws@npm:^8.5.4":
  version: 8.5.10
  resolution: "@types/ws@npm:8.5.10"
  dependencies:
    "@types/node": "npm:*"
  checksum: 10c0/e9af279b984c4a04ab53295a40aa95c3e9685f04888df5c6920860d1dd073fcc57c7bd33578a04b285b2c655a0b52258d34bee0a20569dca8defb8393e1e5d29
  languageName: node
  linkType: hard

"abort-controller@npm:^3.0.0":
  version: 3.0.0
  resolution: "abort-controller@npm:3.0.0"
  dependencies:
    event-target-shim: "npm:^5.0.0"
  checksum: 10c0/90ccc50f010250152509a344eb2e71977fbf8db0ab8f1061197e3275ddf6c61a41a6edfd7b9409c664513131dd96e962065415325ef23efa5db931b382d24ca5
  languageName: node
  linkType: hard

"agentkeepalive@npm:^4.2.1":
  version: 4.5.0
  resolution: "agentkeepalive@npm:4.5.0"
  dependencies:
    humanize-ms: "npm:^1.2.1"
  checksum: 10c0/394ea19f9710f230722996e156607f48fdf3a345133b0b1823244b7989426c16019a428b56c82d3eabef616e938812981d9009f4792ecc66bd6a59e991c62612
  languageName: node
  linkType: hard

"asynckit@npm:^0.4.0":
  version: 0.4.0
  resolution: "asynckit@npm:0.4.0"
  checksum: 10c0/d73e2ddf20c4eb9337e1b3df1a0f6159481050a5de457c55b14ea2e5cb6d90bb69e004c9af54737a5ee0917fcf2c9e25de67777bbe58261847846066ba75bc9d
  languageName: node
  linkType: hard

"base-64@npm:^0.1.0":
  version: 0.1.0
  resolution: "base-64@npm:0.1.0"
  checksum: 10c0/fe0dcf076e823f04db7ee9b02495be08a91c445fbc6db03cb9913be9680e2fcc0af8b74459041fe08ad16800b1f65a549501d8f08696a8a6d32880789b7de69d
  languageName: node
  linkType: hard

"charenc@npm:0.0.2":
  version: 0.0.2
  resolution: "charenc@npm:0.0.2"
  checksum: 10c0/a45ec39363a16799d0f9365c8dd0c78e711415113c6f14787a22462ef451f5013efae8a28f1c058f81fc01f2a6a16955f7a5fd0cd56247ce94a45349c89877d8
  languageName: node
  linkType: hard

"combined-stream@npm:^1.0.8":
  version: 1.0.8
  resolution: "combined-stream@npm:1.0.8"
  dependencies:
    delayed-stream: "npm:~1.0.0"
  checksum: 10c0/0dbb829577e1b1e839fa82b40c07ffaf7de8a09b935cadd355a73652ae70a88b4320db322f6634a4ad93424292fa80973ac6480986247f1734a1137debf271d5
  languageName: node
  linkType: hard

"crypt@npm:0.0.2":
  version: 0.0.2
  resolution: "crypt@npm:0.0.2"
  checksum: 10c0/adbf263441dd801665d5425f044647533f39f4612544071b1471962209d235042fb703c27eea2795c7c53e1dfc242405173003f83cf4f4761a633d11f9653f18
  languageName: node
  linkType: hard

"dateformat@npm:^3.0.3":
  version: 3.0.3
  resolution: "dateformat@npm:3.0.3"
  checksum: 10c0/2effb8bef52ff912f87a05e4adbeacff46353e91313ad1ea9ed31412db26849f5a0fcc7e3ce36dbfb84fc6c881a986d5694f84838ad0da7000d5150693e78678
  languageName: node
  linkType: hard

"delayed-stream@npm:~1.0.0":
  version: 1.0.0
  resolution: "delayed-stream@npm:1.0.0"
  checksum: 10c0/d758899da03392e6712f042bec80aa293bbe9e9ff1b2634baae6a360113e708b91326594c8a486d475c69d6259afb7efacdc3537bfcda1c6c648e390ce601b19
  languageName: node
  linkType: hard

"digest-fetch@npm:^1.3.0":
  version: 1.3.0
  resolution: "digest-fetch@npm:1.3.0"
  dependencies:
    base-64: "npm:^0.1.0"
    md5: "npm:^2.3.0"
  checksum: 10c0/0fb389e33b9c6baf5e6a9ed287aa9d0d8b373d59b49d49c62c261e1ab24eaaf1d5aea3a105c1b31ba4a23e29e129365d839ce4c5974fa004a85d1a4568bc3585
  languageName: node
  linkType: hard

"discord-api-types@npm:^0.18.1":
  version: 0.18.1
  resolution: "discord-api-types@npm:0.18.1"
  checksum: 10c0/4fefda82bb817ed747c41876654a449e7883ee78a21094760307cea0556e609411423f7fc08b1c6abc4846f476be729e39534d7be7b00a015fca9e371343f393
  languageName: node
  linkType: hard

"discord-api-types@npm:^0.24.0":
  version: 0.24.0
  resolution: "discord-api-types@npm:0.24.0"
  checksum: 10c0/c3c58783ed20b9dd1e314c52c4657baf232343c0d8a76f08e6ba3708551bb6ad91bbba7f0365b323fc717f90fb347cff8b05e8f5b0abcf2251876a387d3a2128
  languageName: node
  linkType: hard

"discord-api-types@npm:^0.33.5":
  version: 0.33.5
  resolution: "discord-api-types@npm:0.33.5"
  checksum: 10c0/ad4e7445e8afc28e563e63d6797ebfd69b0c75928f60ebf221a7561fadea16341858f2ce101bdacc2bcce774263ed7cf1d290f8dba508c2a4c866d652c396d04
  languageName: node
  linkType: hard

"discord-api-types@npm:^0.36.2":
  version: 0.36.3
  resolution: "discord-api-types@npm:0.36.3"
  checksum: 10c0/5f08ca0196c763169402c040de54c3695454ab32ab67590808705cca8479565ac98893fdea527edf53d549c27c155e107353baecc15b927312da93378266e506
  languageName: node
  linkType: hard

"discord-api-types@npm:^0.37.37":
  version: 0.37.67
  resolution: "discord-api-types@npm:0.37.67"
  checksum: 10c0/b003ff4c0c82814f2dc3450d6765d470111c001d6f1eb1ec29f2d99c43590adeef1d400c0247f7c5c9044a3c93027d1d6409454401f091e4434dfa1408723545
  languageName: node
  linkType: hard

"discord-welcome@npm:^3.0.3":
  version: 3.0.3
  resolution: "discord-welcome@npm:3.0.3"
  checksum: 10c0/0531182ded5b25c9708b04a053a22219b7804f036e41d072055d1e3454bedf13387dd452e5e2c4266154caef0f811c25affbcf96187e398cd0bd040351022990
  languageName: node
  linkType: hard

"discord.js@npm:^13.8.0":
  version: 13.17.1
  resolution: "discord.js@npm:13.17.1"
  dependencies:
    "@discordjs/builders": "npm:^0.16.0"
    "@discordjs/collection": "npm:^0.7.0"
    "@sapphire/async-queue": "npm:^1.5.0"
    "@types/node-fetch": "npm:^2.6.3"
    "@types/ws": "npm:^8.5.4"
    discord-api-types: "npm:^0.33.5"
    form-data: "npm:^4.0.0"
    node-fetch: "npm:^2.6.7"
    ws: "npm:^8.13.0"
  checksum: 10c0/2ee4e7308efeec3cbc7a6151ca45bbaa94740776c33b297d74c18ffb881e1c167c55565c8d4fbf1e44988ff2c0e74ae58bf345e01eb80ac4eedaee7b206bf897
  languageName: node
  linkType: hard

"dotenv@npm:^16.0.0":
  version: 16.4.1
  resolution: "dotenv@npm:16.4.1"
  checksum: 10c0/ef3d95f48f38146df0881a4b58447ae437d2da3f6d645074b84de4e64ef64ba75fc357c5ed66b3c2b813b5369fdeb6a4777d6ade2d50e54eed6aa06dddc98bc4
  languageName: node
  linkType: hard

"env-var@npm:^7.4.1":
  version: 7.4.1
  resolution: "env-var@npm:7.4.1"
  checksum: 10c0/faa00f107f5ce560c87bf5c3f7095247ee9c061197c0c2fd8f040f4461763bf9eb74a42f7ceedf5a5d8620f113ed6b38a731801956c2a1035a26412f6529e6a8
  languageName: node
  linkType: hard

"escabot@workspace:.":
  version: 0.0.0-use.local
  resolution: "escabot@workspace:."
  dependencies:
    "@discordjs/builders": "npm:^0.9.0"
    "@discordjs/rest": "npm:^0.1.0-canary.0"
    "@mistralai/mistralai": "npm:^1.5.0"
    dateformat: "npm:^3.0.3"
    discord-api-types: "npm:^0.37.37"
    discord-welcome: "npm:^3.0.3"
    discord.js: "npm:^13.8.0"
    dotenv: "npm:^16.0.0"
    env-var: "npm:^7.4.1"
    node-fetch: "npm:^2.6.1"
    openai: "npm:^4.20.1"
    prettier: "npm:^3.1.0"
    zod: "npm:^3.24.2"
  languageName: unknown
  linkType: soft

"event-target-shim@npm:^5.0.0":
  version: 5.0.1
  resolution: "event-target-shim@npm:5.0.1"
  checksum: 10c0/0255d9f936215fd206156fd4caa9e8d35e62075d720dc7d847e89b417e5e62cf1ce6c9b4e0a1633a9256de0efefaf9f8d26924b1f3c8620cffb9db78e7d3076b
  languageName: node
  linkType: hard

"fast-deep-equal@npm:^3.1.3":
  version: 3.1.3
  resolution: "fast-deep-equal@npm:3.1.3"
  checksum: 10c0/40dedc862eb8992c54579c66d914635afbec43350afbbe991235fdcb4e3a8d5af1b23ae7e79bef7d4882d0ecee06c3197488026998fb19f72dc95acff1d1b1d0
  languageName: node
  linkType: hard

"form-data-encoder@npm:1.7.2":
  version: 1.7.2
  resolution: "form-data-encoder@npm:1.7.2"
  checksum: 10c0/56553768037b6d55d9de524f97fe70555f0e415e781cb56fc457a68263de3d40fadea2304d4beef2d40b1a851269bd7854e42c362107071892cb5238debe9464
  languageName: node
  linkType: hard

"form-data@npm:^4.0.0":
  version: 4.0.0
  resolution: "form-data@npm:4.0.0"
  dependencies:
    asynckit: "npm:^0.4.0"
    combined-stream: "npm:^1.0.8"
    mime-types: "npm:^2.1.12"
  checksum: 10c0/cb6f3ac49180be03ff07ba3ff125f9eba2ff0b277fb33c7fc47569fc5e616882c5b1c69b9904c4c4187e97dd0419dd03b134174756f296dec62041e6527e2c6e
  languageName: node
  linkType: hard

"formdata-node@npm:^4.3.2":
  version: 4.4.1
  resolution: "formdata-node@npm:4.4.1"
  dependencies:
    node-domexception: "npm:1.0.0"
    web-streams-polyfill: "npm:4.0.0-beta.3"
  checksum: 10c0/74151e7b228ffb33b565cec69182694ad07cc3fdd9126a8240468bb70a8ba66e97e097072b60bcb08729b24c7ce3fd3e0bd7f1f80df6f9f662b9656786e76f6a
  languageName: node
  linkType: hard

"humanize-ms@npm:^1.2.1":
  version: 1.2.1
  resolution: "humanize-ms@npm:1.2.1"
  dependencies:
    ms: "npm:^2.0.0"
  checksum: 10c0/f34a2c20161d02303c2807badec2f3b49cbfbbb409abd4f95a07377ae01cfe6b59e3d15ac609cffcd8f2521f0eb37b7e1091acf65da99aa2a4f1ad63c21e7e7a
  languageName: node
  linkType: hard

"is-buffer@npm:~1.1.6":
  version: 1.1.6
  resolution: "is-buffer@npm:1.1.6"
  checksum: 10c0/ae18aa0b6e113d6c490ad1db5e8df9bdb57758382b313f5a22c9c61084875c6396d50bbf49315f5b1926d142d74dfb8d31b40d993a383e0a158b15fea7a82234
  languageName: node
  linkType: hard

"lodash@npm:^4.17.21":
  version: 4.17.21
  resolution: "lodash@npm:4.17.21"
  checksum: 10c0/d8cbea072bb08655bb4c989da418994b073a608dffa608b09ac04b43a791b12aeae7cd7ad919aa4c925f33b48490b5cfe6c1f71d827956071dae2e7bb3a6b74c
  languageName: node
  linkType: hard

"md5@npm:^2.3.0":
  version: 2.3.0
  resolution: "md5@npm:2.3.0"
  dependencies:
    charenc: "npm:0.0.2"
    crypt: "npm:0.0.2"
    is-buffer: "npm:~1.1.6"
  checksum: 10c0/14a21d597d92e5b738255fbe7fe379905b8cb97e0a49d44a20b58526a646ec5518c337b817ce0094ca94d3e81a3313879c4c7b510d250c282d53afbbdede9110
  languageName: node
  linkType: hard

"mime-db@npm:1.52.0":
  version: 1.52.0
  resolution: "mime-db@npm:1.52.0"
  checksum: 10c0/0557a01deebf45ac5f5777fe7740b2a5c309c6d62d40ceab4e23da9f821899ce7a900b7ac8157d4548ddbb7beffe9abc621250e6d182b0397ec7f10c7b91a5aa
  languageName: node
  linkType: hard

"mime-types@npm:^2.1.12":
  version: 2.1.35
  resolution: "mime-types@npm:2.1.35"
  dependencies:
    mime-db: "npm:1.52.0"
  checksum: 10c0/82fb07ec56d8ff1fc999a84f2f217aa46cb6ed1033fefaabd5785b9a974ed225c90dc72fff460259e66b95b73648596dbcc50d51ed69cdf464af2d237d3149b2
  languageName: node
  linkType: hard

"ms@npm:^2.0.0":
  version: 2.1.3
  resolution: "ms@npm:2.1.3"
  checksum: 10c0/d924b57e7312b3b63ad21fc5b3dc0af5e78d61a1fc7cfb5457edaf26326bf62be5307cc87ffb6862ef1c2b33b0233cdb5d4f01c4c958cc0d660948b65a287a48
  languageName: node
  linkType: hard

"node-domexception@npm:1.0.0":
  version: 1.0.0
  resolution: "node-domexception@npm:1.0.0"
  checksum: 10c0/5e5d63cda29856402df9472335af4bb13875e1927ad3be861dc5ebde38917aecbf9ae337923777af52a48c426b70148815e890a5d72760f1b4d758cc671b1a2b
  languageName: node
  linkType: hard

"node-fetch@npm:^2.6.1, node-fetch@npm:^2.6.7":
  version: 2.7.0
  resolution: "node-fetch@npm:2.7.0"
  dependencies:
    whatwg-url: "npm:^5.0.0"
  peerDependencies:
    encoding: ^0.1.0
  peerDependenciesMeta:
    encoding:
      optional: true
  checksum: 10c0/b55786b6028208e6fbe594ccccc213cab67a72899c9234eb59dba51062a299ea853210fcf526998eaa2867b0963ad72338824450905679ff0fa304b8c5093ae8
  languageName: node
  linkType: hard

"openai@npm:^4.20.1":
  version: 4.26.0
  resolution: "openai@npm:4.26.0"
  dependencies:
    "@types/node": "npm:^18.11.18"
    "@types/node-fetch": "npm:^2.6.4"
    abort-controller: "npm:^3.0.0"
    agentkeepalive: "npm:^4.2.1"
    digest-fetch: "npm:^1.3.0"
    form-data-encoder: "npm:1.7.2"
    formdata-node: "npm:^4.3.2"
    node-fetch: "npm:^2.6.7"
    web-streams-polyfill: "npm:^3.2.1"
  bin:
    openai: bin/cli
  checksum: 10c0/e67f004a7a0b6c33256a2a12c086bd884b33c9431349570ad68bcd046a75917f734ccbd65b0a3ccc9a341f344dfe128bf8f5b2e258e262c1796ee83741cdcf0d
  languageName: node
  linkType: hard

"prettier@npm:^3.1.0":
  version: 3.2.4
  resolution: "prettier@npm:3.2.4"
  bin:
    prettier: bin/prettier.cjs
  checksum: 10c0/88dfeb78ac6096522c9a5b81f1413d875f568420d9bb6a5e5103527912519b993f2bcdcac311fcff5718d5869671d44e4f85827d3626f3a6ce32b9abc65d88e0
  languageName: node
  linkType: hard

"tr46@npm:~0.0.3":
  version: 0.0.3
  resolution: "tr46@npm:0.0.3"
  checksum: 10c0/047cb209a6b60c742f05c9d3ace8fa510bff609995c129a37ace03476a9b12db4dbf975e74600830ef0796e18882b2381fb5fb1f6b4f96b832c374de3ab91a11
  languageName: node
  linkType: hard

"ts-mixer@npm:^6.0.0, ts-mixer@npm:^6.0.1":
  version: 6.0.3
  resolution: "ts-mixer@npm:6.0.3"
  checksum: 10c0/9e459c5d91f42039e9bafd4056e61d63ba82306381074c6b42f07bdac3014e5f2fdebb02cd9bd171547f2952210a9e3d3f05b5e6e121a8e185438a3a1a46f234
  languageName: node
  linkType: hard

"tslib@npm:^2.3.0, tslib@npm:^2.3.1, tslib@npm:^2.4.0":
  version: 2.6.2
  resolution: "tslib@npm:2.6.2"
  checksum: 10c0/e03a8a4271152c8b26604ed45535954c0a45296e32445b4b87f8a5abdb2421f40b59b4ca437c4346af0f28179780d604094eb64546bee2019d903d01c6c19bdb
  languageName: node
  linkType: hard

"undici-types@npm:~5.26.4":
  version: 5.26.5
  resolution: "undici-types@npm:5.26.5"
  checksum: 10c0/bb673d7876c2d411b6eb6c560e0c571eef4a01c1c19925175d16e3a30c4c428181fb8d7ae802a261f283e4166a0ac435e2f505743aa9e45d893f9a3df017b501
  languageName: node
  linkType: hard

"web-streams-polyfill@npm:4.0.0-beta.3":
  version: 4.0.0-beta.3
  resolution: "web-streams-polyfill@npm:4.0.0-beta.3"
  checksum: 10c0/a9596779db2766990117ed3a158e0b0e9f69b887a6d6ba0779940259e95f99dc3922e534acc3e5a117b5f5905300f527d6fbf8a9f0957faf1d8e585ce3452e8e
  languageName: node
  linkType: hard

"web-streams-polyfill@npm:^3.2.1":
  version: 3.3.2
  resolution: "web-streams-polyfill@npm:3.3.2"
  checksum: 10c0/623c2fced2ef77d5afdbc43acef64b8af609a32125b691eae286d534a36004c8a71030f0e78068516774a97fd90dbfb3726b10fd569a2d158e60c83a539c489e
  languageName: node
  linkType: hard

"webidl-conversions@npm:^3.0.0":
  version: 3.0.1
  resolution: "webidl-conversions@npm:3.0.1"
  checksum: 10c0/5612d5f3e54760a797052eb4927f0ddc01383550f542ccd33d5238cfd65aeed392a45ad38364970d0a0f4fea32e1f4d231b3d8dac4a3bdd385e5cf802ae097db
  languageName: node
  linkType: hard

"whatwg-url@npm:^5.0.0":
  version: 5.0.0
  resolution: "whatwg-url@npm:5.0.0"
  dependencies:
    tr46: "npm:~0.0.3"
    webidl-conversions: "npm:^3.0.0"
  checksum: 10c0/1588bed84d10b72d5eec1d0faa0722ba1962f1821e7539c535558fb5398d223b0c50d8acab950b8c488b4ba69043fd833cc2697056b167d8ad46fac3995a55d5
  languageName: node
  linkType: hard

"ws@npm:^8.13.0":
  version: 8.16.0
  resolution: "ws@npm:8.16.0"
  peerDependencies:
    bufferutil: ^4.0.1
    utf-8-validate: ">=5.0.2"
  peerDependenciesMeta:
    bufferutil:
      optional: true
    utf-8-validate:
      optional: true
  checksum: 10c0/a7783bb421c648b1e622b423409cb2a58ac5839521d2f689e84bc9dc41d59379c692dd405b15a997ea1d4c0c2e5314ad707332d0c558f15232d2bc07c0b4618a
  languageName: node
  linkType: hard

"zod-to-json-schema@npm:^3.24.1":
  version: 3.24.1
  resolution: "zod-to-json-schema@npm:3.24.1"
  peerDependencies:
    zod: ^3.24.1
  checksum: 10c0/dd4e72085003e41a3f532bd00061f27041418a4eb176aa6ce33042db08d141bd37707017ee9117d97738ae3f22fc3e1404ea44e6354634ac5da79d7d3173b4ee
  languageName: node
  linkType: hard

"zod@npm:^3.11.6":
  version: 3.22.4
  resolution: "zod@npm:3.22.4"
  checksum: 10c0/7578ab283dac0eee66a0ad0fc4a7f28c43e6745aadb3a529f59a4b851aa10872b3890398b3160f257f4b6817b4ce643debdda4fb21a2c040adda7862cab0a587
  languageName: node
  linkType: hard

"zod@npm:^3.24.2":
  version: 3.24.2
  resolution: "zod@npm:3.24.2"
  checksum: 10c0/c638c7220150847f13ad90635b3e7d0321b36cce36f3fc6050ed960689594c949c326dfe2c6fa87c14b126ee5d370ccdebd6efb304f41ef5557a4aaca2824565
  languageName: node
  linkType: hard
